// !$*UTF8*$!
{
	archiveVersion = 1;
	classes = {
	};
	objectVersion = 46;
	objects = {

/* Begin PBXBuildFile section */
		114181D21DD492500065365B /* CoreFoundation.framework in Frameworks */ = {isa = PBXBuildFile; fileRef = 114181D11DD492500065365B /* CoreFoundation.framework */; };
		114181D41DD492570065365B /* CoreGraphics.framework in Frameworks */ = {isa = PBXBuildFile; fileRef = 114181D31DD492570065365B /* CoreGraphics.framework */; };
		114181D61DD492710065365B /* CoreImage.framework in Frameworks */ = {isa = PBXBuildFile; fileRef = 114181D51DD492710065365B /* CoreImage.framework */; };
		114181E61DD4A4D00065365B /* HGW.m in Sources */ = {isa = PBXBuildFile; fileRef = 114181E21DD4A4D00065365B /* HGW.m */; };
		114181E71DD4A4D00065365B /* main.m in Sources */ = {isa = PBXBuildFile; fileRef = 114181E51DD4A4D00065365B /* main.m */; };
		114181E81DD4A4DD0065365B /* bw_big_gr.bmp in CopyFiles */ = {isa = PBXBuildFile; fileRef = 114181E31DD4A4D00065365B /* bw_big_gr.bmp */; };
		114181E91DD4A4DD0065365B /* bw_gr.bmp in CopyFiles */ = {isa = PBXBuildFile; fileRef = 114181E41DD4A4D00065365B /* bw_gr.bmp */; };
		114181EF1DD4BF430065365B /* GrayScaleImage.m in Sources */ = {isa = PBXBuildFile; fileRef = 114181EE1DD4BF430065365B /* GrayScaleImage.m */; };
		114181F51DD4DEEB0065365B /* sm_gr.bmp in CopyFiles */ = {isa = PBXBuildFile; fileRef = 114181F41DD4DEE10065365B /* sm_gr.bmp */; };
		114181F71DD4F0580065365B /* libopencv_core.2.4.13.dylib in Frameworks */ = {isa = PBXBuildFile; fileRef = 114181F61DD4F0580065365B /* libopencv_core.2.4.13.dylib */; };
		114181F91DD4FE010065365B /* sq.bmp in CopyFiles */ = {isa = PBXBuildFile; fileRef = 114181F81DD4FDF60065365B /* sq.bmp */; };
/* End PBXBuildFile section */

/* Begin PBXCopyFilesBuildPhase section */
		114181BD1DD487370065365B /* CopyFiles */ = {
			isa = PBXCopyFilesBuildPhase;
			buildActionMask = 12;
			dstPath = "";
			dstSubfolderSpec = 16;
			files = (
				114181F91DD4FE010065365B /* sq.bmp in CopyFiles */,
				114181F51DD4DEEB0065365B /* sm_gr.bmp in CopyFiles */,
				114181E81DD4A4DD0065365B /* bw_big_gr.bmp in CopyFiles */,
				114181E91DD4A4DD0065365B /* bw_gr.bmp in CopyFiles */,
			);
			runOnlyForDeploymentPostprocessing = 0;
		};
/* End PBXCopyFilesBuildPhase section */

/* Begin PBXFileReference section */
		114181BF1DD487370065365B /* HGW */ = {isa = PBXFileReference; explicitFileType = "compiled.mach-o.executable"; includeInIndex = 0; path = HGW; sourceTree = BUILT_PRODUCTS_DIR; };
		114181D11DD492500065365B /* CoreFoundation.framework */ = {isa = PBXFileReference; lastKnownFileType = wrapper.framework; name = CoreFoundation.framework; path = System/Library/Frameworks/CoreFoundation.framework; sourceTree = SDKROOT; };
		114181D31DD492570065365B /* CoreGraphics.framework */ = {isa = PBXFileReference; lastKnownFileType = wrapper.framework; name = CoreGraphics.framework; path = System/Library/Frameworks/CoreGraphics.framework; sourceTree = SDKROOT; };
		114181D51DD492710065365B /* CoreImage.framework */ = {isa = PBXFileReference; lastKnownFileType = wrapper.framework; name = CoreImage.framework; path = System/Library/Frameworks/CoreImage.framework; sourceTree = SDKROOT; };
		114181E11DD4A4D00065365B /* HGW.h */ = {isa = PBXFileReference; fileEncoding = 4; lastKnownFileType = sourcecode.c.h; name = HGW.h; path = HGW/HGW.h; sourceTree = SOURCE_ROOT; };
		114181E21DD4A4D00065365B /* HGW.m */ = {isa = PBXFileReference; fileEncoding = 4; lastKnownFileType = sourcecode.c.objc; name = HGW.m; path = HGW/HGW.m; sourceTree = SOURCE_ROOT; };
		114181E31DD4A4D00065365B /* bw_big_gr.bmp */ = {isa = PBXFileReference; lastKnownFileType = image.bmp; name = bw_big_gr.bmp; path = HGW/bw_big_gr.bmp; sourceTree = SOURCE_ROOT; };
		114181E41DD4A4D00065365B /* bw_gr.bmp */ = {isa = PBXFileReference; lastKnownFileType = image.bmp; name = bw_gr.bmp; path = HGW/bw_gr.bmp; sourceTree = SOURCE_ROOT; };
		114181E51DD4A4D00065365B /* main.m */ = {isa = PBXFileReference; fileEncoding = 4; lastKnownFileType = sourcecode.c.objc; name = main.m; path = HGW/main.m; sourceTree = SOURCE_ROOT; };
		114181ED1DD4BF430065365B /* GrayScaleImage.h */ = {isa = PBXFileReference; fileEncoding = 4; lastKnownFileType = sourcecode.c.h; path = GrayScaleImage.h; sourceTree = SOURCE_ROOT; };
		114181EE1DD4BF430065365B /* GrayScaleImage.m */ = {isa = PBXFileReference; fileEncoding = 4; lastKnownFileType = sourcecode.c.objc; path = GrayScaleImage.m; sourceTree = SOURCE_ROOT; };
		114181F41DD4DEE10065365B /* sm_gr.bmp */ = {isa = PBXFileReference; lastKnownFileType = image.bmp; name = sm_gr.bmp; path = HGW/sm_gr.bmp; sourceTree = "<group>"; };
		114181F61DD4F0580065365B /* libopencv_core.2.4.13.dylib */ = {isa = PBXFileReference; lastKnownFileType = "compiled.mach-o.dylib"; name = libopencv_core.2.4.13.dylib; path = ../../../../../../usr/local/Cellar/opencv/2.4.13.1/lib/libopencv_core.2.4.13.dylib; sourceTree = "<group>"; };
		114181F81DD4FDF60065365B /* sq.bmp */ = {isa = PBXFileReference; lastKnownFileType = image.bmp; name = sq.bmp; path = HGW/sq.bmp; sourceTree = "<group>"; };
/* End PBXFileReference section */

/* Begin PBXFrameworksBuildPhase section */
		114181BC1DD487370065365B /* Frameworks */ = {
			isa = PBXFrameworksBuildPhase;
			buildActionMask = 2147483647;
			files = (
				114181F71DD4F0580065365B /* libopencv_core.2.4.13.dylib in Frameworks */,
				114181D61DD492710065365B /* CoreImage.framework in Frameworks */,
				114181D41DD492570065365B /* CoreGraphics.framework in Frameworks */,
				114181D21DD492500065365B /* CoreFoundation.framework in Frameworks */,
			);
			runOnlyForDeploymentPostprocessing = 0;
		};
/* End PBXFrameworksBuildPhase section */

/* Begin PBXGroup section */
		114181B61DD487370065365B = {
			isa = PBXGroup;
			children = (
				114181F81DD4FDF60065365B /* sq.bmp */,
				114181F41DD4DEE10065365B /* sm_gr.bmp */,
				114181C11DD487370065365B /* HGW */,
				114181C01DD487370065365B /* Products */,
				114181D01DD492500065365B /* Frameworks */,
			);
			sourceTree = "<group>";
		};
		114181C01DD487370065365B /* Products */ = {
			isa = PBXGroup;
			children = (
				114181BF1DD487370065365B /* HGW */,
			);
			name = Products;
			sourceTree = "<group>";
		};
		114181C11DD487370065365B /* HGW */ = {
			isa = PBXGroup;
			children = (
				114181E11DD4A4D00065365B /* HGW.h */,
				114181E21DD4A4D00065365B /* HGW.m */,
				114181F31DD4C0740065365B /* Image */,
				114181E31DD4A4D00065365B /* bw_big_gr.bmp */,
				114181E41DD4A4D00065365B /* bw_gr.bmp */,
				114181E51DD4A4D00065365B /* main.m */,
			);
			name = HGW;
			path = HWG;
			sourceTree = "<group>";
		};
		114181D01DD492500065365B /* Frameworks */ = {
			isa = PBXGroup;
			children = (
				114181F61DD4F0580065365B /* libopencv_core.2.4.13.dylib */,
				114181D51DD492710065365B /* CoreImage.framework */,
				114181D31DD492570065365B /* CoreGraphics.framework */,
				114181D11DD492500065365B /* CoreFoundation.framework */,
			);
			name = Frameworks;
			sourceTree = "<group>";
		};
		114181F31DD4C0740065365B /* Image */ = {
			isa = PBXGroup;
			children = (
				114181ED1DD4BF430065365B /* GrayScaleImage.h */,
				114181EE1DD4BF430065365B /* GrayScaleImage.m */,
			);
			name = Image;
			sourceTree = "<group>";
		};
/* End PBXGroup section */

/* Begin PBXNativeTarget section */
		114181BE1DD487370065365B /* HGW */ = {
			isa = PBXNativeTarget;
			buildConfigurationList = 114181C61DD487370065365B /* Build configuration list for PBXNativeTarget "HGW" */;
			buildPhases = (
				114181BB1DD487370065365B /* Sources */,
				114181BC1DD487370065365B /* Frameworks */,
				114181BD1DD487370065365B /* CopyFiles */,
			);
			buildRules = (
			);
			dependencies = (
			);
			name = HGW;
			productName = HWG;
			productReference = 114181BF1DD487370065365B /* HGW */;
			productType = "com.apple.product-type.tool";
		};
/* End PBXNativeTarget section */

/* Begin PBXProject section */
		114181B71DD487370065365B /* Project object */ = {
			isa = PBXProject;
			attributes = {
				LastUpgradeCheck = 0810;
				ORGANIZATIONNAME = adanilyak;
				TargetAttributes = {
					114181BE1DD487370065365B = {
						CreatedOnToolsVersion = 8.1;
						DevelopmentTeam = XBBK9UCLZS;
						ProvisioningStyle = Automatic;
					};
				};
			};
			buildConfigurationList = 114181BA1DD487370065365B /* Build configuration list for PBXProject "HGW" */;
			compatibilityVersion = "Xcode 3.2";
			developmentRegion = English;
			hasScannedForEncodings = 0;
			knownRegions = (
				en,
			);
			mainGroup = 114181B61DD487370065365B;
			productRefGroup = 114181C01DD487370065365B /* Products */;
			projectDirPath = "";
			projectRoot = "";
			targets = (
				114181BE1DD487370065365B /* HGW */,
			);
		};
/* End PBXProject section */

/* Begin PBXSourcesBuildPhase section */
		114181BB1DD487370065365B /* Sources */ = {
			isa = PBXSourcesBuildPhase;
			buildActionMask = 2147483647;
			files = (
				114181EF1DD4BF430065365B /* GrayScaleImage.m in Sources */,
				114181E61DD4A4D00065365B /* HGW.m in Sources */,
				114181E71DD4A4D00065365B /* main.m in Sources */,
			);
			runOnlyForDeploymentPostprocessing = 0;
		};
/* End PBXSourcesBuildPhase section */

/* Begin XCBuildConfiguration section */
		114181C41DD487370065365B /* Debug */ = {
			isa = XCBuildConfiguration;
			buildSettings = {
				ALWAYS_SEARCH_USER_PATHS = NO;
				CLANG_ANALYZER_NONNULL = YES;
				CLANG_CXX_LANGUAGE_STANDARD = "gnu++0x";
				CLANG_CXX_LIBRARY = "libc++";
				CLANG_ENABLE_MODULES = YES;
				CLANG_ENABLE_OBJC_ARC = YES;
				CLANG_WARN_BOOL_CONVERSION = YES;
				CLANG_WARN_CONSTANT_CONVERSION = YES;
				CLANG_WARN_DIRECT_OBJC_ISA_USAGE = YES_ERROR;
				CLANG_WARN_DOCUMENTATION_COMMENTS = YES;
				CLANG_WARN_EMPTY_BODY = YES;
				CLANG_WARN_ENUM_CONVERSION = YES;
				CLANG_WARN_INFINITE_RECURSION = YES;
				CLANG_WARN_INT_CONVERSION = YES;
				CLANG_WARN_OBJC_ROOT_CLASS = YES_ERROR;
				CLANG_WARN_SUSPICIOUS_MOVES = YES;
				CLANG_WARN_UNREACHABLE_CODE = YES;
				CLANG_WARN__DUPLICATE_METHOD_MATCH = YES;
				CODE_SIGN_IDENTITY = "-";
				COPY_PHASE_STRIP = NO;
				DEBUG_INFORMATION_FORMAT = dwarf;
				ENABLE_STRICT_OBJC_MSGSEND = YES;
				ENABLE_TESTABILITY = YES;
				GCC_C_LANGUAGE_STANDARD = gnu99;
				GCC_DYNAMIC_NO_PIC = NO;
				GCC_NO_COMMON_BLOCKS = YES;
				GCC_OPTIMIZATION_LEVEL = 0;
				GCC_PREPROCESSOR_DEFINITIONS = (
					"DEBUG=1",
					"$(inherited)",
				);
				GCC_WARN_64_TO_32_BIT_CONVERSION = YES;
				GCC_WARN_ABOUT_RETURN_TYPE = YES_ERROR;
				GCC_WARN_UNDECLARED_SELECTOR = YES;
				GCC_WARN_UNINITIALIZED_AUTOS = YES_AGGRESSIVE;
				GCC_WARN_UNUSED_FUNCTION = YES;
				GCC_WARN_UNUSED_VARIABLE = YES;
				MACOSX_DEPLOYMENT_TARGET = 10.12;
				MTL_ENABLE_DEBUG_INFO = YES;
				ONLY_ACTIVE_ARCH = YES;
				SDKROOT = macosx;
			};
			name = Debug;
		};
		114181C51DD487370065365B /* Release */ = {
			isa = XCBuildConfiguration;
			buildSettings = {
				ALWAYS_SEARCH_USER_PATHS = NO;
				CLANG_ANALYZER_NONNULL = YES;
				CLANG_CXX_LANGUAGE_STANDARD = "gnu++0x";
				CLANG_CXX_LIBRARY = "libc++";
				CLANG_ENABLE_MODULES = YES;
				CLANG_ENABLE_OBJC_ARC = YES;
				CLANG_WARN_BOOL_CONVERSION = YES;
				CLANG_WARN_CONSTANT_CONVERSION = YES;
				CLANG_WARN_DIRECT_OBJC_ISA_USAGE = YES_ERROR;
				CLANG_WARN_DOCUMENTATION_COMMENTS = YES;
				CLANG_WARN_EMPTY_BODY = YES;
				CLANG_WARN_ENUM_CONVERSION = YES;
				CLANG_WARN_INFINITE_RECURSION = YES;
				CLANG_WARN_INT_CONVERSION = YES;
				CLANG_WARN_OBJC_ROOT_CLASS = YES_ERROR;
				CLANG_WARN_SUSPICIOUS_MOVES = YES;
				CLANG_WARN_UNREACHABLE_CODE = YES;
				CLANG_WARN__DUPLICATE_METHOD_MATCH = YES;
				CODE_SIGN_IDENTITY = "-";
				COPY_PHASE_STRIP = NO;
				DEBUG_INFORMATION_FORMAT = "dwarf-with-dsym";
				ENABLE_NS_ASSERTIONS = NO;
				ENABLE_STRICT_OBJC_MSGSEND = YES;
				GCC_C_LANGUAGE_STANDARD = gnu99;
				GCC_NO_COMMON_BLOCKS = YES;
				GCC_WARN_64_TO_32_BIT_CONVERSION = YES;
				GCC_WARN_ABOUT_RETURN_TYPE = YES_ERROR;
				GCC_WARN_UNDECLARED_SELECTOR = YES;
				GCC_WARN_UNINITIALIZED_AUTOS = YES_AGGRESSIVE;
				GCC_WARN_UNUSED_FUNCTION = YES;
				GCC_WARN_UNUSED_VARIABLE = YES;
				MACOSX_DEPLOYMENT_TARGET = 10.12;
				MTL_ENABLE_DEBUG_INFO = NO;
				SDKROOT = macosx;
			};
			name = Release;
		};
		114181C71DD487370065365B /* Debug */ = {
			isa = XCBuildConfiguration;
			buildSettings = {
				DEVELOPMENT_TEAM = XBBK9UCLZS;
				HEADER_SEARCH_PATHS = /usr/local/include;
				LIBRARY_SEARCH_PATHS = (
					"$(inherited)",
					/usr/local/Cellar/opencv/2.4.13.1/lib,
				);
				PRODUCT_NAME = "$(TARGET_NAME)";
			};
			name = Debug;
		};
		114181C81DD487370065365B /* Release */ = {
			isa = XCBuildConfiguration;
			buildSettings = {
				DEVELOPMENT_TEAM = XBBK9UCLZS;
				HEADER_SEARCH_PATHS = /usr/local/include;
				LIBRARY_SEARCH_PATHS = (
					"$(inherited)",
					/usr/local/Cellar/opencv/2.4.13.1/lib,
				);
				PRODUCT_NAME = "$(TARGET_NAME)";
			};
			name = Release;
		};
/* End XCBuildConfiguration section */

/* Begin XCConfigurationList section */
		114181BA1DD487370065365B /* Build configuration list for PBXProject "HGW" */ = {
			isa = XCConfigurationList;
			buildConfigurations = (
				114181C41DD487370065365B /* Debug */,
				114181C51DD487370065365B /* Release */,
			);
			defaultConfigurationIsVisible = 0;
			defaultConfigurationName = Release;
		};
		114181C61DD487370065365B /* Build configuration list for PBXNativeTarget "HGW" */ = {
			isa = XCConfigurationList;
			buildConfigurations = (
				114181C71DD487370065365B /* Debug */,
				114181C81DD487370065365B /* Release */,
			);
			defaultConfigurationIsVisible = 0;
			defaultConfigurationName = Release;
		};
/* End XCConfigurationList section */
	};
	rootObject = 114181B71DD487370065365B /* Project object */;
}
